// !$*UTF8*$!
{
	archiveVersion = 1;
	classes = {
	};
	objectVersion = 46;
	objects = {

/* Begin PBXBuildFile section */
		99F1C0851EA0CEB800415F0C /* main.m in Sources */ = {isa = PBXBuildFile; fileRef = 99F1C0841EA0CEB800415F0C /* main.m */; };
		99F1C09E1EA0CEB800415F0C /* TJMJinDouYunTests.m in Sources */ = {isa = PBXBuildFile; fileRef = 99F1C09D1EA0CEB800415F0C /* TJMJinDouYunTests.m */; };
		99F1C0A91EA0CEB800415F0C /* TJMJinDouYunUITests.m in Sources */ = {isa = PBXBuildFile; fileRef = 99F1C0A81EA0CEB800415F0C /* TJMJinDouYunUITests.m */; };
		99F1C0CB1EA0CEE000415F0C /* TJMSandBoxManager.m in Sources */ = {isa = PBXBuildFile; fileRef = 99F1C0BD1EA0CEE000415F0C /* TJMSandBoxManager.m */; };
		99F1C0CC1EA0CEE000415F0C /* TJMHUDHandle.m in Sources */ = {isa = PBXBuildFile; fileRef = 99F1C0C11EA0CEE000415F0C /* TJMHUDHandle.m */; };
		99F1C0CD1EA0CEE000415F0C /* TJMRequestHandle.m in Sources */ = {isa = PBXBuildFile; fileRef = 99F1C0C41EA0CEE000415F0C /* TJMRequestHandle.m */; };
		99F1C0CE1EA0CEE000415F0C /* NSString+MD5.m in Sources */ = {isa = PBXBuildFile; fileRef = 99F1C0C71EA0CEE000415F0C /* NSString+MD5.m */; };
		99F1C0CF1EA0CEE000415F0C /* NSString+RegEx.m in Sources */ = {isa = PBXBuildFile; fileRef = 99F1C0CA1EA0CEE000415F0C /* NSString+RegEx.m */; };
		99F1C0F41EA0CEFA00415F0C /* TJMBaiduMapViewController.m in Sources */ = {isa = PBXBuildFile; fileRef = 99F1C0D31EA0CEFA00415F0C /* TJMBaiduMapViewController.m */; };
		99F1C0F51EA0CEFA00415F0C /* TJMLoginViewController.m in Sources */ = {isa = PBXBuildFile; fileRef = 99F1C0D91EA0CEFA00415F0C /* TJMLoginViewController.m */; };
		99F1C0F61EA0CEFA00415F0C /* TJMTokenModel.m in Sources */ = {isa = PBXBuildFile; fileRef = 99F1C0DC1EA0CEFA00415F0C /* TJMTokenModel.m */; };
		99F1C0F71EA0CEFA00415F0C /* TJMUploadViewController.m in Sources */ = {isa = PBXBuildFile; fileRef = 99F1C0E11EA0CEFA00415F0C /* TJMUploadViewController.m */; };
		99F1C0F91EA0CEFA00415F0C /* TJMRegisterViewController.m in Sources */ = {isa = PBXBuildFile; fileRef = 99F1C0E91EA0CEFA00415F0C /* TJMRegisterViewController.m */; };
		99F1C0FA1EA0CEFA00415F0C /* AppDelegate+APPService.m in Sources */ = {isa = PBXBuildFile; fileRef = 99F1C0EE1EA0CEFA00415F0C /* AppDelegate+APPService.m */; };
		99F1C0FB1EA0CEFA00415F0C /* AppDelegate+SDKSevice.m in Sources */ = {isa = PBXBuildFile; fileRef = 99F1C0F01EA0CEFA00415F0C /* AppDelegate+SDKSevice.m */; };
		99F1C0FC1EA0CEFA00415F0C /* AppDelegate.m in Sources */ = {isa = PBXBuildFile; fileRef = 99F1C0F21EA0CEFA00415F0C /* AppDelegate.m */; };
		99F1C0FD1EA0CEFA00415F0C /* Assets.xcassets in Resources */ = {isa = PBXBuildFile; fileRef = 99F1C0F31EA0CEFA00415F0C /* Assets.xcassets */; };
		99F1C0FF1EA0CF0600415F0C /* Info.plist in Resources */ = {isa = PBXBuildFile; fileRef = 99F1C0FE1EA0CF0600415F0C /* Info.plist */; };
		99F1C1041EA0CF2900415F0C /* LaunchScreen.storyboard in Resources */ = {isa = PBXBuildFile; fileRef = 99F1C1001EA0CF2900415F0C /* LaunchScreen.storyboard */; };
		99F1C1051EA0CF2900415F0C /* Main.storyboard in Resources */ = {isa = PBXBuildFile; fileRef = 99F1C1021EA0CF2900415F0C /* Main.storyboard */; };
		99F1C1671EA0DBB200415F0C /* baiduNaviSDK.bundle in Resources */ = {isa = PBXBuildFile; fileRef = 99F1C1551EA0DBB200415F0C /* baiduNaviSDK.bundle */; };
		99F1C1681EA0DBB200415F0C /* baiduNaviSDK.xcassets in Resources */ = {isa = PBXBuildFile; fileRef = 99F1C1561EA0DBB200415F0C /* baiduNaviSDK.xcassets */; };
		99F1C1691EA0DBB200415F0C /* libbaiduNaviSDK.a in Frameworks */ = {isa = PBXBuildFile; fileRef = 99F1C1611EA0DBB200415F0C /* libbaiduNaviSDK.a */; };
		99F1C16A1EA0DBB200415F0C /* readme.txt in Resources */ = {isa = PBXBuildFile; fileRef = 99F1C1621EA0DBB200415F0C /* readme.txt */; };
		99F1C16B1EA0DBB200415F0C /* libcrypto.a in Frameworks */ = {isa = PBXBuildFile; fileRef = 99F1C1641EA0DBB200415F0C /* libcrypto.a */; };
		99F1C16C1EA0DBB200415F0C /* libssl.a in Frameworks */ = {isa = PBXBuildFile; fileRef = 99F1C1651EA0DBB200415F0C /* libssl.a */; };
		99F1C16D1EA0DBB200415F0C /* updatelog.txt in Resources */ = {isa = PBXBuildFile; fileRef = 99F1C1661EA0DBB200415F0C /* updatelog.txt */; };
		99F1C16F1EA4452700415F0C /* AudioToolbox.framework in Frameworks */ = {isa = PBXBuildFile; fileRef = 99F1C16E1EA4452700415F0C /* AudioToolbox.framework */; };
		99F1C1711EA4452F00415F0C /* ImageIO.framework in Frameworks */ = {isa = PBXBuildFile; fileRef = 99F1C1701EA4452F00415F0C /* ImageIO.framework */; };
		99F1C1731EA4453A00415F0C /* CoreMotion.framework in Frameworks */ = {isa = PBXBuildFile; fileRef = 99F1C1721EA4453A00415F0C /* CoreMotion.framework */; };
		99F1C1751EA4454000415F0C /* CoreLocation.framework in Frameworks */ = {isa = PBXBuildFile; fileRef = 99F1C1741EA4454000415F0C /* CoreLocation.framework */; };
		99F1C1771EA4454700415F0C /* CoreTelephony.framework in Frameworks */ = {isa = PBXBuildFile; fileRef = 99F1C1761EA4454700415F0C /* CoreTelephony.framework */; };
		99F1C1791EA4455100415F0C /* MediaPlayer.framework in Frameworks */ = {isa = PBXBuildFile; fileRef = 99F1C1781EA4455100415F0C /* MediaPlayer.framework */; };
		99F1C17B1EA4455B00415F0C /* AVFoundation.framework in Frameworks */ = {isa = PBXBuildFile; fileRef = 99F1C17A1EA4455B00415F0C /* AVFoundation.framework */; };
		99F1C17D1EA4456200415F0C /* SystemConfiguration.framework in Frameworks */ = {isa = PBXBuildFile; fileRef = 99F1C17C1EA4456200415F0C /* SystemConfiguration.framework */; };
		99F1C17F1EA4456B00415F0C /* JavaScriptCore.framework in Frameworks */ = {isa = PBXBuildFile; fileRef = 99F1C17E1EA4456B00415F0C /* JavaScriptCore.framework */; };
		99F1C1811EA4457300415F0C /* Security.framework in Frameworks */ = {isa = PBXBuildFile; fileRef = 99F1C1801EA4457300415F0C /* Security.framework */; };
		99F1C1831EA4457B00415F0C /* OpenGLES.framework in Frameworks */ = {isa = PBXBuildFile; fileRef = 99F1C1821EA4457B00415F0C /* OpenGLES.framework */; };
		99F1C1851EA4458300415F0C /* GLKit.framework in Frameworks */ = {isa = PBXBuildFile; fileRef = 99F1C1841EA4458300415F0C /* GLKit.framework */; };
		99F1C1871EA4459800415F0C /* libstdc++.6.0.9.tbd in Frameworks */ = {isa = PBXBuildFile; fileRef = 99F1C1861EA4459800415F0C /* libstdc++.6.0.9.tbd */; };
		99F1C1891EA445AB00415F0C /* libc++.tbd in Frameworks */ = {isa = PBXBuildFile; fileRef = 99F1C1881EA445AB00415F0C /* libc++.tbd */; };
		99F1C18B1EA445B200415F0C /* libsqlite3.0.tbd in Frameworks */ = {isa = PBXBuildFile; fileRef = 99F1C18A1EA445B200415F0C /* libsqlite3.0.tbd */; };
		99F1C18D1EA445BD00415F0C /* libz.1.2.5.tbd in Frameworks */ = {isa = PBXBuildFile; fileRef = 99F1C18C1EA445BD00415F0C /* libz.1.2.5.tbd */; };
		99F1C1931EA44ED700415F0C /* TJMProvinceData.m in Sources */ = {isa = PBXBuildFile; fileRef = 99F1C1921EA44ED700415F0C /* TJMProvinceData.m */; };
		99F1C1961EA44F8600415F0C /* TJMVehicleData.m in Sources */ = {isa = PBXBuildFile; fileRef = 99F1C1951EA44F8600415F0C /* TJMVehicleData.m */; };
		99F1C1981EA4591A00415F0C /* 11111.png in Resources */ = {isa = PBXBuildFile; fileRef = 99F1C1971EA4591A00415F0C /* 11111.png */; };
		99F1C19B1EA45A4A00415F0C /* 22222.png in Resources */ = {isa = PBXBuildFile; fileRef = 99F1C1991EA45A4A00415F0C /* 22222.png */; };
		99F1C19C1EA45A4A00415F0C /* 33333.png in Resources */ = {isa = PBXBuildFile; fileRef = 99F1C19A1EA45A4A00415F0C /* 33333.png */; };
		99F1C19E1EA45AAD00415F0C /* 44444.png in Resources */ = {isa = PBXBuildFile; fileRef = 99F1C19D1EA45AAD00415F0C /* 44444.png */; };
		99F1C1A21EA4AAA800415F0C /* PhotoPickerViewController.m in Sources */ = {isa = PBXBuildFile; fileRef = 99F1C1A11EA4AAA800415F0C /* PhotoPickerViewController.m */; };
		B3430058D86B1BD9C99AB40E /* libPods-TJMJinDouYun.a in Frameworks */ = {isa = PBXBuildFile; fileRef = CE2165414574D4411C9A83DA /* libPods-TJMJinDouYun.a */; };
/* End PBXBuildFile section */

/* Begin PBXContainerItemProxy section */
		99F1C09A1EA0CEB800415F0C /* PBXContainerItemProxy */ = {
			isa = PBXContainerItemProxy;
			containerPortal = 99F1C0781EA0CEB800415F0C /* Project object */;
			proxyType = 1;
			remoteGlobalIDString = 99F1C07F1EA0CEB800415F0C;
			remoteInfo = TJMJinDouYun;
		};
		99F1C0A51EA0CEB800415F0C /* PBXContainerItemProxy */ = {
			isa = PBXContainerItemProxy;
			containerPortal = 99F1C0781EA0CEB800415F0C /* Project object */;
			proxyType = 1;
			remoteGlobalIDString = 99F1C07F1EA0CEB800415F0C;
			remoteInfo = TJMJinDouYun;
		};
/* End PBXContainerItemProxy section */

/* Begin PBXFileReference section */
		704ED3F31667CEAB6D7BC8CB /* Pods-TJMJinDouYun.release.xcconfig */ = {isa = PBXFileReference; includeInIndex = 1; lastKnownFileType = text.xcconfig; name = "Pods-TJMJinDouYun.release.xcconfig"; path = "Pods/Target Support Files/Pods-TJMJinDouYun/Pods-TJMJinDouYun.release.xcconfig"; sourceTree = "<group>"; };
		99F1C0801EA0CEB800415F0C /* TJMJinDouYun.app */ = {isa = PBXFileReference; explicitFileType = wrapper.application; includeInIndex = 0; path = TJMJinDouYun.app; sourceTree = BUILT_PRODUCTS_DIR; };
		99F1C0841EA0CEB800415F0C /* main.m */ = {isa = PBXFileReference; lastKnownFileType = sourcecode.c.objc; path = main.m; sourceTree = "<group>"; };
		99F1C0991EA0CEB800415F0C /* TJMJinDouYunTests.xctest */ = {isa = PBXFileReference; explicitFileType = wrapper.cfbundle; includeInIndex = 0; path = TJMJinDouYunTests.xctest; sourceTree = BUILT_PRODUCTS_DIR; };
		99F1C09D1EA0CEB800415F0C /* TJMJinDouYunTests.m */ = {isa = PBXFileReference; lastKnownFileType = sourcecode.c.objc; path = TJMJinDouYunTests.m; sourceTree = "<group>"; };
		99F1C09F1EA0CEB800415F0C /* Info.plist */ = {isa = PBXFileReference; lastKnownFileType = text.plist.xml; path = Info.plist; sourceTree = "<group>"; };
		99F1C0A41EA0CEB800415F0C /* TJMJinDouYunUITests.xctest */ = {isa = PBXFileReference; explicitFileType = wrapper.cfbundle; includeInIndex = 0; path = TJMJinDouYunUITests.xctest; sourceTree = BUILT_PRODUCTS_DIR; };
		99F1C0A81EA0CEB800415F0C /* TJMJinDouYunUITests.m */ = {isa = PBXFileReference; lastKnownFileType = sourcecode.c.objc; path = TJMJinDouYunUITests.m; sourceTree = "<group>"; };
		99F1C0AA1EA0CEB800415F0C /* Info.plist */ = {isa = PBXFileReference; lastKnownFileType = text.plist.xml; path = Info.plist; sourceTree = "<group>"; };
		99F1C0B81EA0CEE000415F0C /* TJMApi.h */ = {isa = PBXFileReference; fileEncoding = 4; lastKnownFileType = sourcecode.c.h; path = TJMApi.h; sourceTree = "<group>"; };
		99F1C0B91EA0CEE000415F0C /* TJMConfig.h */ = {isa = PBXFileReference; fileEncoding = 4; lastKnownFileType = sourcecode.c.h; path = TJMConfig.h; sourceTree = "<group>"; };
		99F1C0BA1EA0CEE000415F0C /* TJMPrefixHeader.pch */ = {isa = PBXFileReference; fileEncoding = 4; lastKnownFileType = sourcecode.c.h; path = TJMPrefixHeader.pch; sourceTree = "<group>"; };
		99F1C0BC1EA0CEE000415F0C /* TJMSandBoxManager.h */ = {isa = PBXFileReference; fileEncoding = 4; lastKnownFileType = sourcecode.c.h; path = TJMSandBoxManager.h; sourceTree = "<group>"; };
		99F1C0BD1EA0CEE000415F0C /* TJMSandBoxManager.m */ = {isa = PBXFileReference; fileEncoding = 4; lastKnownFileType = sourcecode.c.objc; path = TJMSandBoxManager.m; sourceTree = "<group>"; };
		99F1C0C01EA0CEE000415F0C /* TJMHUDHandle.h */ = {isa = PBXFileReference; fileEncoding = 4; lastKnownFileType = sourcecode.c.h; path = TJMHUDHandle.h; sourceTree = "<group>"; };
		99F1C0C11EA0CEE000415F0C /* TJMHUDHandle.m */ = {isa = PBXFileReference; fileEncoding = 4; lastKnownFileType = sourcecode.c.objc; path = TJMHUDHandle.m; sourceTree = "<group>"; };
		99F1C0C31EA0CEE000415F0C /* TJMRequestHandle.h */ = {isa = PBXFileReference; fileEncoding = 4; lastKnownFileType = sourcecode.c.h; path = TJMRequestHandle.h; sourceTree = "<group>"; };
		99F1C0C41EA0CEE000415F0C /* TJMRequestHandle.m */ = {isa = PBXFileReference; fileEncoding = 4; lastKnownFileType = sourcecode.c.objc; path = TJMRequestHandle.m; sourceTree = "<group>"; };
		99F1C0C61EA0CEE000415F0C /* NSString+MD5.h */ = {isa = PBXFileReference; fileEncoding = 4; lastKnownFileType = sourcecode.c.h; path = "NSString+MD5.h"; sourceTree = "<group>"; };
		99F1C0C71EA0CEE000415F0C /* NSString+MD5.m */ = {isa = PBXFileReference; fileEncoding = 4; lastKnownFileType = sourcecode.c.objc; path = "NSString+MD5.m"; sourceTree = "<group>"; };
		99F1C0C91EA0CEE000415F0C /* NSString+RegEx.h */ = {isa = PBXFileReference; fileEncoding = 4; lastKnownFileType = sourcecode.c.h; path = "NSString+RegEx.h"; sourceTree = "<group>"; };
		99F1C0CA1EA0CEE000415F0C /* NSString+RegEx.m */ = {isa = PBXFileReference; fileEncoding = 4; lastKnownFileType = sourcecode.c.objc; path = "NSString+RegEx.m"; sourceTree = "<group>"; };
		99F1C0D21EA0CEFA00415F0C /* TJMBaiduMapViewController.h */ = {isa = PBXFileReference; fileEncoding = 4; lastKnownFileType = sourcecode.c.h; path = TJMBaiduMapViewController.h; sourceTree = "<group>"; };
		99F1C0D31EA0CEFA00415F0C /* TJMBaiduMapViewController.m */ = {isa = PBXFileReference; fileEncoding = 4; lastKnownFileType = sourcecode.c.objc; path = TJMBaiduMapViewController.m; sourceTree = "<group>"; };
		99F1C0D81EA0CEFA00415F0C /* TJMLoginViewController.h */ = {isa = PBXFileReference; fileEncoding = 4; lastKnownFileType = sourcecode.c.h; path = TJMLoginViewController.h; sourceTree = "<group>"; };
		99F1C0D91EA0CEFA00415F0C /* TJMLoginViewController.m */ = {isa = PBXFileReference; fileEncoding = 4; lastKnownFileType = sourcecode.c.objc; path = TJMLoginViewController.m; sourceTree = "<group>"; };
		99F1C0DB1EA0CEFA00415F0C /* TJMTokenModel.h */ = {isa = PBXFileReference; fileEncoding = 4; lastKnownFileType = sourcecode.c.h; path = TJMTokenModel.h; sourceTree = "<group>"; };
		99F1C0DC1EA0CEFA00415F0C /* TJMTokenModel.m */ = {isa = PBXFileReference; fileEncoding = 4; lastKnownFileType = sourcecode.c.objc; path = TJMTokenModel.m; sourceTree = "<group>"; };
		99F1C0E01EA0CEFA00415F0C /* TJMUploadViewController.h */ = {isa = PBXFileReference; fileEncoding = 4; lastKnownFileType = sourcecode.c.h; path = TJMUploadViewController.h; sourceTree = "<group>"; };
		99F1C0E11EA0CEFA00415F0C /* TJMUploadViewController.m */ = {isa = PBXFileReference; fileEncoding = 4; lastKnownFileType = sourcecode.c.objc; path = TJMUploadViewController.m; sourceTree = "<group>"; };
		99F1C0E81EA0CEFA00415F0C /* TJMRegisterViewController.h */ = {isa = PBXFileReference; fileEncoding = 4; lastKnownFileType = sourcecode.c.h; path = TJMRegisterViewController.h; sourceTree = "<group>"; };
		99F1C0E91EA0CEFA00415F0C /* TJMRegisterViewController.m */ = {isa = PBXFileReference; fileEncoding = 4; lastKnownFileType = sourcecode.c.objc; path = TJMRegisterViewController.m; sourceTree = "<group>"; };
		99F1C0ED1EA0CEFA00415F0C /* AppDelegate+APPService.h */ = {isa = PBXFileReference; fileEncoding = 4; lastKnownFileType = sourcecode.c.h; path = "AppDelegate+APPService.h"; sourceTree = "<group>"; };
		99F1C0EE1EA0CEFA00415F0C /* AppDelegate+APPService.m */ = {isa = PBXFileReference; fileEncoding = 4; lastKnownFileType = sourcecode.c.objc; path = "AppDelegate+APPService.m"; sourceTree = "<group>"; };
		99F1C0EF1EA0CEFA00415F0C /* AppDelegate+SDKSevice.h */ = {isa = PBXFileReference; fileEncoding = 4; lastKnownFileType = sourcecode.c.h; path = "AppDelegate+SDKSevice.h"; sourceTree = "<group>"; };
		99F1C0F01EA0CEFA00415F0C /* AppDelegate+SDKSevice.m */ = {isa = PBXFileReference; fileEncoding = 4; lastKnownFileType = sourcecode.c.objc; path = "AppDelegate+SDKSevice.m"; sourceTree = "<group>"; };
		99F1C0F11EA0CEFA00415F0C /* AppDelegate.h */ = {isa = PBXFileReference; fileEncoding = 4; lastKnownFileType = sourcecode.c.h; path = AppDelegate.h; sourceTree = "<group>"; };
		99F1C0F21EA0CEFA00415F0C /* AppDelegate.m */ = {isa = PBXFileReference; fileEncoding = 4; lastKnownFileType = sourcecode.c.objc; path = AppDelegate.m; sourceTree = "<group>"; };
		99F1C0F31EA0CEFA00415F0C /* Assets.xcassets */ = {isa = PBXFileReference; lastKnownFileType = folder.assetcatalog; path = Assets.xcassets; sourceTree = "<group>"; };
		99F1C0FE1EA0CF0600415F0C /* Info.plist */ = {isa = PBXFileReference; fileEncoding = 4; lastKnownFileType = text.plist.xml; path = Info.plist; sourceTree = "<group>"; };
		99F1C1011EA0CF2900415F0C /* Base */ = {isa = PBXFileReference; lastKnownFileType = file.storyboard; name = Base; path = Base.lproj/LaunchScreen.storyboard; sourceTree = "<group>"; };
		99F1C1031EA0CF2900415F0C /* Base */ = {isa = PBXFileReference; lastKnownFileType = file.storyboard; name = Base; path = Base.lproj/Main.storyboard; sourceTree = "<group>"; };
		99F1C1551EA0DBB200415F0C /* baiduNaviSDK.bundle */ = {isa = PBXFileReference; lastKnownFileType = "wrapper.plug-in"; path = baiduNaviSDK.bundle; sourceTree = "<group>"; };
		99F1C1561EA0DBB200415F0C /* baiduNaviSDK.xcassets */ = {isa = PBXFileReference; lastKnownFileType = folder.assetcatalog; path = baiduNaviSDK.xcassets; sourceTree = "<group>"; };
		99F1C1581EA0DBB200415F0C /* BNaviModel.h */ = {isa = PBXFileReference; fileEncoding = 4; lastKnownFileType = sourcecode.c.h; path = BNaviModel.h; sourceTree = "<group>"; };
		99F1C1591EA0DBB200415F0C /* BNCommonDef.h */ = {isa = PBXFileReference; fileEncoding = 4; lastKnownFileType = sourcecode.c.h; path = BNCommonDef.h; sourceTree = "<group>"; };
		99F1C15A1EA0DBB200415F0C /* BNCoreServices.h */ = {isa = PBXFileReference; fileEncoding = 4; lastKnownFileType = sourcecode.c.h; path = BNCoreServices.h; sourceTree = "<group>"; };
		99F1C15B1EA0DBB200415F0C /* BNLocation.h */ = {isa = PBXFileReference; fileEncoding = 4; lastKnownFileType = sourcecode.c.h; path = BNLocation.h; sourceTree = "<group>"; };
		99F1C15C1EA0DBB200415F0C /* BNLocationManagerProtocol.h */ = {isa = PBXFileReference; fileEncoding = 4; lastKnownFileType = sourcecode.c.h; path = BNLocationManagerProtocol.h; sourceTree = "<group>"; };
		99F1C15D1EA0DBB200415F0C /* BNRoutePlanManagerProtocol.h */ = {isa = PBXFileReference; fileEncoding = 4; lastKnownFileType = sourcecode.c.h; path = BNRoutePlanManagerProtocol.h; sourceTree = "<group>"; };
		99F1C15E1EA0DBB200415F0C /* BNRoutePlanModel.h */ = {isa = PBXFileReference; fileEncoding = 4; lastKnownFileType = sourcecode.c.h; path = BNRoutePlanModel.h; sourceTree = "<group>"; };
		99F1C15F1EA0DBB200415F0C /* BNStrategyManagerProtocol.h */ = {isa = PBXFileReference; fileEncoding = 4; lastKnownFileType = sourcecode.c.h; path = BNStrategyManagerProtocol.h; sourceTree = "<group>"; };
		99F1C1601EA0DBB200415F0C /* BNUIManagerProtocol.h */ = {isa = PBXFileReference; fileEncoding = 4; lastKnownFileType = sourcecode.c.h; path = BNUIManagerProtocol.h; sourceTree = "<group>"; };
		99F1C1611EA0DBB200415F0C /* libbaiduNaviSDK.a */ = {isa = PBXFileReference; lastKnownFileType = archive.ar; path = libbaiduNaviSDK.a; sourceTree = "<group>"; };
		99F1C1621EA0DBB200415F0C /* readme.txt */ = {isa = PBXFileReference; fileEncoding = 4; lastKnownFileType = text; path = readme.txt; sourceTree = "<group>"; };
		99F1C1641EA0DBB200415F0C /* libcrypto.a */ = {isa = PBXFileReference; lastKnownFileType = archive.ar; path = libcrypto.a; sourceTree = "<group>"; };
		99F1C1651EA0DBB200415F0C /* libssl.a */ = {isa = PBXFileReference; lastKnownFileType = archive.ar; path = libssl.a; sourceTree = "<group>"; };
		99F1C1661EA0DBB200415F0C /* updatelog.txt */ = {isa = PBXFileReference; fileEncoding = 4; lastKnownFileType = text; path = updatelog.txt; sourceTree = "<group>"; };
		99F1C16E1EA4452700415F0C /* AudioToolbox.framework */ = {isa = PBXFileReference; lastKnownFileType = wrapper.framework; name = AudioToolbox.framework; path = System/Library/Frameworks/AudioToolbox.framework; sourceTree = SDKROOT; };
		99F1C1701EA4452F00415F0C /* ImageIO.framework */ = {isa = PBXFileReference; lastKnownFileType = wrapper.framework; name = ImageIO.framework; path = System/Library/Frameworks/ImageIO.framework; sourceTree = SDKROOT; };
		99F1C1721EA4453A00415F0C /* CoreMotion.framework */ = {isa = PBXFileReference; lastKnownFileType = wrapper.framework; name = CoreMotion.framework; path = System/Library/Frameworks/CoreMotion.framework; sourceTree = SDKROOT; };
		99F1C1741EA4454000415F0C /* CoreLocation.framework */ = {isa = PBXFileReference; lastKnownFileType = wrapper.framework; name = CoreLocation.framework; path = System/Library/Frameworks/CoreLocation.framework; sourceTree = SDKROOT; };
		99F1C1761EA4454700415F0C /* CoreTelephony.framework */ = {isa = PBXFileReference; lastKnownFileType = wrapper.framework; name = CoreTelephony.framework; path = System/Library/Frameworks/CoreTelephony.framework; sourceTree = SDKROOT; };
		99F1C1781EA4455100415F0C /* MediaPlayer.framework */ = {isa = PBXFileReference; lastKnownFileType = wrapper.framework; name = MediaPlayer.framework; path = System/Library/Frameworks/MediaPlayer.framework; sourceTree = SDKROOT; };
		99F1C17A1EA4455B00415F0C /* AVFoundation.framework */ = {isa = PBXFileReference; lastKnownFileType = wrapper.framework; name = AVFoundation.framework; path = System/Library/Frameworks/AVFoundation.framework; sourceTree = SDKROOT; };
		99F1C17C1EA4456200415F0C /* SystemConfiguration.framework */ = {isa = PBXFileReference; lastKnownFileType = wrapper.framework; name = SystemConfiguration.framework; path = System/Library/Frameworks/SystemConfiguration.framework; sourceTree = SDKROOT; };
		99F1C17E1EA4456B00415F0C /* JavaScriptCore.framework */ = {isa = PBXFileReference; lastKnownFileType = wrapper.framework; name = JavaScriptCore.framework; path = System/Library/Frameworks/JavaScriptCore.framework; sourceTree = SDKROOT; };
		99F1C1801EA4457300415F0C /* Security.framework */ = {isa = PBXFileReference; lastKnownFileType = wrapper.framework; name = Security.framework; path = System/Library/Frameworks/Security.framework; sourceTree = SDKROOT; };
		99F1C1821EA4457B00415F0C /* OpenGLES.framework */ = {isa = PBXFileReference; lastKnownFileType = wrapper.framework; name = OpenGLES.framework; path = System/Library/Frameworks/OpenGLES.framework; sourceTree = SDKROOT; };
		99F1C1841EA4458300415F0C /* GLKit.framework */ = {isa = PBXFileReference; lastKnownFileType = wrapper.framework; name = GLKit.framework; path = System/Library/Frameworks/GLKit.framework; sourceTree = SDKROOT; };
		99F1C1861EA4459800415F0C /* libstdc++.6.0.9.tbd */ = {isa = PBXFileReference; lastKnownFileType = "sourcecode.text-based-dylib-definition"; name = "libstdc++.6.0.9.tbd"; path = "usr/lib/libstdc++.6.0.9.tbd"; sourceTree = SDKROOT; };
		99F1C1881EA445AB00415F0C /* libc++.tbd */ = {isa = PBXFileReference; lastKnownFileType = "sourcecode.text-based-dylib-definition"; name = "libc++.tbd"; path = "usr/lib/libc++.tbd"; sourceTree = SDKROOT; };
		99F1C18A1EA445B200415F0C /* libsqlite3.0.tbd */ = {isa = PBXFileReference; lastKnownFileType = "sourcecode.text-based-dylib-definition"; name = libsqlite3.0.tbd; path = usr/lib/libsqlite3.0.tbd; sourceTree = SDKROOT; };
		99F1C18C1EA445BD00415F0C /* libz.1.2.5.tbd */ = {isa = PBXFileReference; lastKnownFileType = "sourcecode.text-based-dylib-definition"; name = libz.1.2.5.tbd; path = usr/lib/libz.1.2.5.tbd; sourceTree = SDKROOT; };
		99F1C1911EA44ED700415F0C /* TJMProvinceData.h */ = {isa = PBXFileReference; fileEncoding = 4; lastKnownFileType = sourcecode.c.h; path = TJMProvinceData.h; sourceTree = "<group>"; };
		99F1C1921EA44ED700415F0C /* TJMProvinceData.m */ = {isa = PBXFileReference; fileEncoding = 4; lastKnownFileType = sourcecode.c.objc; path = TJMProvinceData.m; sourceTree = "<group>"; };
		99F1C1941EA44F8600415F0C /* TJMVehicleData.h */ = {isa = PBXFileReference; fileEncoding = 4; lastKnownFileType = sourcecode.c.h; path = TJMVehicleData.h; sourceTree = "<group>"; };
		99F1C1951EA44F8600415F0C /* TJMVehicleData.m */ = {isa = PBXFileReference; fileEncoding = 4; lastKnownFileType = sourcecode.c.objc; path = TJMVehicleData.m; sourceTree = "<group>"; };
		99F1C1971EA4591A00415F0C /* 11111.png */ = {isa = PBXFileReference; lastKnownFileType = image.png; name = 11111.png; path = "../../Tool/第三方封装/HUD工具/11111.png"; sourceTree = "<group>"; };
		99F1C1991EA45A4A00415F0C /* 22222.png */ = {isa = PBXFileReference; lastKnownFileType = image.png; path = 22222.png; sourceTree = "<group>"; };
		99F1C19A1EA45A4A00415F0C /* 33333.png */ = {isa = PBXFileReference; lastKnownFileType = image.png; path = 33333.png; sourceTree = "<group>"; };
		99F1C19D1EA45AAD00415F0C /* 44444.png */ = {isa = PBXFileReference; lastKnownFileType = image.png; path = 44444.png; sourceTree = "<group>"; };
		99F1C1A01EA4AAA800415F0C /* PhotoPickerViewController.h */ = {isa = PBXFileReference; fileEncoding = 4; lastKnownFileType = sourcecode.c.h; name = PhotoPickerViewController.h; path = "图片选择/Controller/PhotoPickerViewController.h"; sourceTree = "<group>"; };
		99F1C1A11EA4AAA800415F0C /* PhotoPickerViewController.m */ = {isa = PBXFileReference; fileEncoding = 4; lastKnownFileType = sourcecode.c.objc; name = PhotoPickerViewController.m; path = "图片选择/Controller/PhotoPickerViewController.m"; sourceTree = "<group>"; };
		CE2165414574D4411C9A83DA /* libPods-TJMJinDouYun.a */ = {isa = PBXFileReference; explicitFileType = archive.ar; includeInIndex = 0; path = "libPods-TJMJinDouYun.a"; sourceTree = BUILT_PRODUCTS_DIR; };
		DF32F0CFE86D49786C5A2869 /* Pods-TJMJinDouYun.debug.xcconfig */ = {isa = PBXFileReference; includeInIndex = 1; lastKnownFileType = text.xcconfig; name = "Pods-TJMJinDouYun.debug.xcconfig"; path = "Pods/Target Support Files/Pods-TJMJinDouYun/Pods-TJMJinDouYun.debug.xcconfig"; sourceTree = "<group>"; };
/* End PBXFileReference section */

/* Begin PBXFrameworksBuildPhase section */
		99F1C07D1EA0CEB800415F0C /* Frameworks */ = {
			isa = PBXFrameworksBuildPhase;
			buildActionMask = 2147483647;
			files = (
				99F1C18D1EA445BD00415F0C /* libz.1.2.5.tbd in Frameworks */,
				99F1C18B1EA445B200415F0C /* libsqlite3.0.tbd in Frameworks */,
				99F1C1891EA445AB00415F0C /* libc++.tbd in Frameworks */,
				99F1C1871EA4459800415F0C /* libstdc++.6.0.9.tbd in Frameworks */,
				99F1C1851EA4458300415F0C /* GLKit.framework in Frameworks */,
				99F1C1831EA4457B00415F0C /* OpenGLES.framework in Frameworks */,
				99F1C1811EA4457300415F0C /* Security.framework in Frameworks */,
				99F1C17F1EA4456B00415F0C /* JavaScriptCore.framework in Frameworks */,
				99F1C17D1EA4456200415F0C /* SystemConfiguration.framework in Frameworks */,
				99F1C17B1EA4455B00415F0C /* AVFoundation.framework in Frameworks */,
				99F1C1791EA4455100415F0C /* MediaPlayer.framework in Frameworks */,
				99F1C1771EA4454700415F0C /* CoreTelephony.framework in Frameworks */,
				99F1C1751EA4454000415F0C /* CoreLocation.framework in Frameworks */,
				99F1C1731EA4453A00415F0C /* CoreMotion.framework in Frameworks */,
				99F1C1711EA4452F00415F0C /* ImageIO.framework in Frameworks */,
				99F1C16F1EA4452700415F0C /* AudioToolbox.framework in Frameworks */,
				99F1C16C1EA0DBB200415F0C /* libssl.a in Frameworks */,
				99F1C1691EA0DBB200415F0C /* libbaiduNaviSDK.a in Frameworks */,
				B3430058D86B1BD9C99AB40E /* libPods-TJMJinDouYun.a in Frameworks */,
				99F1C16B1EA0DBB200415F0C /* libcrypto.a in Frameworks */,
			);
			runOnlyForDeploymentPostprocessing = 0;
		};
		99F1C0961EA0CEB800415F0C /* Frameworks */ = {
			isa = PBXFrameworksBuildPhase;
			buildActionMask = 2147483647;
			files = (
			);
			runOnlyForDeploymentPostprocessing = 0;
		};
		99F1C0A11EA0CEB800415F0C /* Frameworks */ = {
			isa = PBXFrameworksBuildPhase;
			buildActionMask = 2147483647;
			files = (
			);
			runOnlyForDeploymentPostprocessing = 0;
		};
/* End PBXFrameworksBuildPhase section */

/* Begin PBXGroup section */
		889BC0A7E9955FB8187A2A77 /* Frameworks */ = {
			isa = PBXGroup;
			children = (
				99F1C18C1EA445BD00415F0C /* libz.1.2.5.tbd */,
				99F1C18A1EA445B200415F0C /* libsqlite3.0.tbd */,
				99F1C1881EA445AB00415F0C /* libc++.tbd */,
				99F1C1861EA4459800415F0C /* libstdc++.6.0.9.tbd */,
				99F1C1841EA4458300415F0C /* GLKit.framework */,
				99F1C1821EA4457B00415F0C /* OpenGLES.framework */,
				99F1C1801EA4457300415F0C /* Security.framework */,
				99F1C17E1EA4456B00415F0C /* JavaScriptCore.framework */,
				99F1C17C1EA4456200415F0C /* SystemConfiguration.framework */,
				99F1C17A1EA4455B00415F0C /* AVFoundation.framework */,
				99F1C1781EA4455100415F0C /* MediaPlayer.framework */,
				99F1C1761EA4454700415F0C /* CoreTelephony.framework */,
				99F1C1741EA4454000415F0C /* CoreLocation.framework */,
				99F1C1721EA4453A00415F0C /* CoreMotion.framework */,
				99F1C1701EA4452F00415F0C /* ImageIO.framework */,
				99F1C16E1EA4452700415F0C /* AudioToolbox.framework */,
				CE2165414574D4411C9A83DA /* libPods-TJMJinDouYun.a */,
			);
			name = Frameworks;
			sourceTree = "<group>";
		};
		99F1C0771EA0CEB800415F0C = {
			isa = PBXGroup;
			children = (
				99F1C0821EA0CEB800415F0C /* TJMJinDouYun */,
				99F1C09C1EA0CEB800415F0C /* TJMJinDouYunTests */,
				99F1C0A71EA0CEB800415F0C /* TJMJinDouYunUITests */,
				99F1C0811EA0CEB800415F0C /* Products */,
				D8C8147D2A0C1E675CA3EF9C /* Pods */,
				889BC0A7E9955FB8187A2A77 /* Frameworks */,
			);
			sourceTree = "<group>";
		};
		99F1C0811EA0CEB800415F0C /* Products */ = {
			isa = PBXGroup;
			children = (
				99F1C0801EA0CEB800415F0C /* TJMJinDouYun.app */,
				99F1C0991EA0CEB800415F0C /* TJMJinDouYunTests.xctest */,
				99F1C0A41EA0CEB800415F0C /* TJMJinDouYunUITests.xctest */,
			);
			name = Products;
			sourceTree = "<group>";
		};
		99F1C0821EA0CEB800415F0C /* TJMJinDouYun */ = {
			isa = PBXGroup;
			children = (
				99F1C0EC1EA0CEFA00415F0C /* AppDelegate */,
				99F1C0B61EA0CEE000415F0C /* Tool */,
				99F1C0D01EA0CEFA00415F0C /* 地图 */,
				99F1C0D61EA0CEFA00415F0C /* 登录 */,
				99F1C0DE1EA0CEFA00415F0C /* 上传资料 */,
				99F1C0E61EA0CEFA00415F0C /* 注册 */,
				99F1C1021EA0CF2900415F0C /* Main.storyboard */,
				99F1C0831EA0CEB800415F0C /* Supporting Files */,
			);
			path = TJMJinDouYun;
			sourceTree = "<group>";
		};
		99F1C0831EA0CEB800415F0C /* Supporting Files */ = {
			isa = PBXGroup;
			children = (
				99F1C0F31EA0CEFA00415F0C /* Assets.xcassets */,
				99F1C1001EA0CF2900415F0C /* LaunchScreen.storyboard */,
				99F1C0FE1EA0CF0600415F0C /* Info.plist */,
				99F1C0841EA0CEB800415F0C /* main.m */,
			);
			name = "Supporting Files";
			sourceTree = "<group>";
		};
		99F1C09C1EA0CEB800415F0C /* TJMJinDouYunTests */ = {
			isa = PBXGroup;
			children = (
				99F1C09D1EA0CEB800415F0C /* TJMJinDouYunTests.m */,
				99F1C09F1EA0CEB800415F0C /* Info.plist */,
			);
			path = TJMJinDouYunTests;
			sourceTree = "<group>";
		};
		99F1C0A71EA0CEB800415F0C /* TJMJinDouYunUITests */ = {
			isa = PBXGroup;
			children = (
				99F1C0A81EA0CEB800415F0C /* TJMJinDouYunUITests.m */,
				99F1C0AA1EA0CEB800415F0C /* Info.plist */,
			);
			path = TJMJinDouYunUITests;
			sourceTree = "<group>";
		};
		99F1C0B61EA0CEE000415F0C /* Tool */ = {
			isa = PBXGroup;
			children = (
				99F1C0B71EA0CEE000415F0C /* Config */,
				99F1C0BB1EA0CEE000415F0C /* 沙盒管理 */,
				99F1C0BE1EA0CEE000415F0C /* 第三方封装 */,
				99F1C0C51EA0CEE000415F0C /* 第三方库 */,
				99F1C0C81EA0CEE000415F0C /* 类别 */,
			);
			path = Tool;
			sourceTree = "<group>";
		};
		99F1C0B71EA0CEE000415F0C /* Config */ = {
			isa = PBXGroup;
			children = (
				99F1C0B81EA0CEE000415F0C /* TJMApi.h */,
				99F1C0B91EA0CEE000415F0C /* TJMConfig.h */,
				99F1C0BA1EA0CEE000415F0C /* TJMPrefixHeader.pch */,
			);
			path = Config;
			sourceTree = "<group>";
		};
		99F1C0BB1EA0CEE000415F0C /* 沙盒管理 */ = {
			isa = PBXGroup;
			children = (
				99F1C0BC1EA0CEE000415F0C /* TJMSandBoxManager.h */,
				99F1C0BD1EA0CEE000415F0C /* TJMSandBoxManager.m */,
			);
			path = "沙盒管理";
			sourceTree = "<group>";
		};
		99F1C0BE1EA0CEE000415F0C /* 第三方封装 */ = {
			isa = PBXGroup;
			children = (
				99F1C0BF1EA0CEE000415F0C /* HUD工具 */,
				99F1C0C21EA0CEE000415F0C /* 网络请求工具 */,
			);
			path = "第三方封装";
			sourceTree = "<group>";
		};
		99F1C0BF1EA0CEE000415F0C /* HUD工具 */ = {
			isa = PBXGroup;
			children = (
				99F1C0C01EA0CEE000415F0C /* TJMHUDHandle.h */,
				99F1C0C11EA0CEE000415F0C /* TJMHUDHandle.m */,
			);
			path = "HUD工具";
			sourceTree = "<group>";
		};
		99F1C0C21EA0CEE000415F0C /* 网络请求工具 */ = {
			isa = PBXGroup;
			children = (
				99F1C0C31EA0CEE000415F0C /* TJMRequestHandle.h */,
				99F1C0C41EA0CEE000415F0C /* TJMRequestHandle.m */,
			);
			path = "网络请求工具";
			sourceTree = "<group>";
		};
		99F1C0C51EA0CEE000415F0C /* 第三方库 */ = {
			isa = PBXGroup;
			children = (
				99F1C1541EA0DBB200415F0C /* BaiduNaviSDK */,
				99F1C0C61EA0CEE000415F0C /* NSString+MD5.h */,
				99F1C0C71EA0CEE000415F0C /* NSString+MD5.m */,
			);
			path = "第三方库";
			sourceTree = "<group>";
		};
		99F1C0C81EA0CEE000415F0C /* 类别 */ = {
			isa = PBXGroup;
			children = (
				99F1C0C91EA0CEE000415F0C /* NSString+RegEx.h */,
				99F1C0CA1EA0CEE000415F0C /* NSString+RegEx.m */,
			);
			path = "类别";
			sourceTree = "<group>";
		};
		99F1C0D01EA0CEFA00415F0C /* 地图 */ = {
			isa = PBXGroup;
			children = (
				99F1C0D11EA0CEFA00415F0C /* Controller */,
				99F1C0D41EA0CEFA00415F0C /* Model */,
				99F1C0D51EA0CEFA00415F0C /* View */,
			);
			path = "地图";
			sourceTree = "<group>";
		};
		99F1C0D11EA0CEFA00415F0C /* Controller */ = {
			isa = PBXGroup;
			children = (
				99F1C0D21EA0CEFA00415F0C /* TJMBaiduMapViewController.h */,
				99F1C0D31EA0CEFA00415F0C /* TJMBaiduMapViewController.m */,
			);
			path = Controller;
			sourceTree = "<group>";
		};
		99F1C0D41EA0CEFA00415F0C /* Model */ = {
			isa = PBXGroup;
			children = (
			);
			path = Model;
			sourceTree = "<group>";
		};
		99F1C0D51EA0CEFA00415F0C /* View */ = {
			isa = PBXGroup;
			children = (
			);
			path = View;
			sourceTree = "<group>";
		};
		99F1C0D61EA0CEFA00415F0C /* 登录 */ = {
			isa = PBXGroup;
			children = (
				99F1C0D71EA0CEFA00415F0C /* Controller */,
				99F1C0DA1EA0CEFA00415F0C /* Model */,
				99F1C0DD1EA0CEFA00415F0C /* View */,
			);
			path = "登录";
			sourceTree = "<group>";
		};
		99F1C0D71EA0CEFA00415F0C /* Controller */ = {
			isa = PBXGroup;
			children = (
				99F1C0D81EA0CEFA00415F0C /* TJMLoginViewController.h */,
				99F1C0D91EA0CEFA00415F0C /* TJMLoginViewController.m */,
			);
			path = Controller;
			sourceTree = "<group>";
		};
		99F1C0DA1EA0CEFA00415F0C /* Model */ = {
			isa = PBXGroup;
			children = (
				99F1C0DB1EA0CEFA00415F0C /* TJMTokenModel.h */,
				99F1C0DC1EA0CEFA00415F0C /* TJMTokenModel.m */,
			);
			path = Model;
			sourceTree = "<group>";
		};
		99F1C0DD1EA0CEFA00415F0C /* View */ = {
			isa = PBXGroup;
			children = (
			);
			path = View;
			sourceTree = "<group>";
		};
		99F1C0DE1EA0CEFA00415F0C /* 上传资料 */ = {
			isa = PBXGroup;
			children = (
				99F1C19F1EA4AA3B00415F0C /* 图片选择 */,
				99F1C0DF1EA0CEFA00415F0C /* Controller */,
				99F1C0E21EA0CEFA00415F0C /* Model */,
				99F1C0E51EA0CEFA00415F0C /* View */,
			);
			path = "上传资料";
			sourceTree = "<group>";
		};
		99F1C0DF1EA0CEFA00415F0C /* Controller */ = {
			isa = PBXGroup;
			children = (
				99F1C1971EA4591A00415F0C /* 11111.png */,
				99F1C1991EA45A4A00415F0C /* 22222.png */,
				99F1C19A1EA45A4A00415F0C /* 33333.png */,
				99F1C19D1EA45AAD00415F0C /* 44444.png */,
				99F1C0E01EA0CEFA00415F0C /* TJMUploadViewController.h */,
				99F1C0E11EA0CEFA00415F0C /* TJMUploadViewController.m */,
			);
			path = Controller;
			sourceTree = "<group>";
		};
		99F1C0E21EA0CEFA00415F0C /* Model */ = {
			isa = PBXGroup;
			children = (
				99F1C1911EA44ED700415F0C /* TJMProvinceData.h */,
				99F1C1921EA44ED700415F0C /* TJMProvinceData.m */,
				99F1C1941EA44F8600415F0C /* TJMVehicleData.h */,
				99F1C1951EA44F8600415F0C /* TJMVehicleData.m */,
			);
			path = Model;
			sourceTree = "<group>";
		};
		99F1C0E51EA0CEFA00415F0C /* View */ = {
			isa = PBXGroup;
			children = (
			);
			path = View;
			sourceTree = "<group>";
		};
		99F1C0E61EA0CEFA00415F0C /* 注册 */ = {
			isa = PBXGroup;
			children = (
				99F1C0E71EA0CEFA00415F0C /* Controller */,
				99F1C0EA1EA0CEFA00415F0C /* Model */,
				99F1C0EB1EA0CEFA00415F0C /* View */,
			);
			path = "注册";
			sourceTree = "<group>";
		};
		99F1C0E71EA0CEFA00415F0C /* Controller */ = {
			isa = PBXGroup;
			children = (
				99F1C0E81EA0CEFA00415F0C /* TJMRegisterViewController.h */,
				99F1C0E91EA0CEFA00415F0C /* TJMRegisterViewController.m */,
			);
			path = Controller;
			sourceTree = "<group>";
		};
		99F1C0EA1EA0CEFA00415F0C /* Model */ = {
			isa = PBXGroup;
			children = (
			);
			path = Model;
			sourceTree = "<group>";
		};
		99F1C0EB1EA0CEFA00415F0C /* View */ = {
			isa = PBXGroup;
			children = (
			);
			path = View;
			sourceTree = "<group>";
		};
		99F1C0EC1EA0CEFA00415F0C /* AppDelegate */ = {
			isa = PBXGroup;
			children = (
				99F1C0ED1EA0CEFA00415F0C /* AppDelegate+APPService.h */,
				99F1C0EE1EA0CEFA00415F0C /* AppDelegate+APPService.m */,
				99F1C0EF1EA0CEFA00415F0C /* AppDelegate+SDKSevice.h */,
				99F1C0F01EA0CEFA00415F0C /* AppDelegate+SDKSevice.m */,
				99F1C0F11EA0CEFA00415F0C /* AppDelegate.h */,
				99F1C0F21EA0CEFA00415F0C /* AppDelegate.m */,
			);
			path = AppDelegate;
			sourceTree = "<group>";
		};
		99F1C1541EA0DBB200415F0C /* BaiduNaviSDK */ = {
			isa = PBXGroup;
			children = (
				99F1C1551EA0DBB200415F0C /* baiduNaviSDK.bundle */,
				99F1C1561EA0DBB200415F0C /* baiduNaviSDK.xcassets */,
				99F1C1571EA0DBB200415F0C /* inc */,
				99F1C1611EA0DBB200415F0C /* libbaiduNaviSDK.a */,
				99F1C1621EA0DBB200415F0C /* readme.txt */,
				99F1C1631EA0DBB200415F0C /* thirdlibs */,
				99F1C1661EA0DBB200415F0C /* updatelog.txt */,
			);
			path = BaiduNaviSDK;
			sourceTree = "<group>";
		};
		99F1C1571EA0DBB200415F0C /* inc */ = {
			isa = PBXGroup;
			children = (
				99F1C1581EA0DBB200415F0C /* BNaviModel.h */,
				99F1C1591EA0DBB200415F0C /* BNCommonDef.h */,
				99F1C15A1EA0DBB200415F0C /* BNCoreServices.h */,
				99F1C15B1EA0DBB200415F0C /* BNLocation.h */,
				99F1C15C1EA0DBB200415F0C /* BNLocationManagerProtocol.h */,
				99F1C15D1EA0DBB200415F0C /* BNRoutePlanManagerProtocol.h */,
				99F1C15E1EA0DBB200415F0C /* BNRoutePlanModel.h */,
				99F1C15F1EA0DBB200415F0C /* BNStrategyManagerProtocol.h */,
				99F1C1601EA0DBB200415F0C /* BNUIManagerProtocol.h */,
			);
			path = inc;
			sourceTree = "<group>";
		};
		99F1C1631EA0DBB200415F0C /* thirdlibs */ = {
			isa = PBXGroup;
			children = (
				99F1C1641EA0DBB200415F0C /* libcrypto.a */,
				99F1C1651EA0DBB200415F0C /* libssl.a */,
			);
			path = thirdlibs;
			sourceTree = "<group>";
		};
		99F1C19F1EA4AA3B00415F0C /* 图片选择 */ = {
			isa = PBXGroup;
			children = (
				99F1C1A31EA4AAAE00415F0C /* Controller */,
				99F1C1A51EA4AAC200415F0C /* Model */,
				99F1C1A41EA4AABA00415F0C /* View */,
			);
			name = "图片选择";
			sourceTree = "<group>";
		};
		99F1C1A31EA4AAAE00415F0C /* Controller */ = {
			isa = PBXGroup;
			children = (
				99F1C1A01EA4AAA800415F0C /* PhotoPickerViewController.h */,
				99F1C1A11EA4AAA800415F0C /* PhotoPickerViewController.m */,
			);
			name = Controller;
			sourceTree = "<group>";
		};
		99F1C1A41EA4AABA00415F0C /* View */ = {
			isa = PBXGroup;
			children = (
			);
			name = View;
			sourceTree = "<group>";
		};
		99F1C1A51EA4AAC200415F0C /* Model */ = {
			isa = PBXGroup;
			children = (
			);
			name = Model;
			sourceTree = "<group>";
		};
		D8C8147D2A0C1E675CA3EF9C /* Pods */ = {
			isa = PBXGroup;
			children = (
				DF32F0CFE86D49786C5A2869 /* Pods-TJMJinDouYun.debug.xcconfig */,
				704ED3F31667CEAB6D7BC8CB /* Pods-TJMJinDouYun.release.xcconfig */,
			);
			name = Pods;
			sourceTree = "<group>";
		};
/* End PBXGroup section */

/* Begin PBXNativeTarget section */
		99F1C07F1EA0CEB800415F0C /* TJMJinDouYun */ = {
			isa = PBXNativeTarget;
			buildConfigurationList = 99F1C0AD1EA0CEB800415F0C /* Build configuration list for PBXNativeTarget "TJMJinDouYun" */;
			buildPhases = (
				738834C17CD3C56ED1F2331F /* [CP] Check Pods Manifest.lock */,
				99F1C07C1EA0CEB800415F0C /* Sources */,
				99F1C07D1EA0CEB800415F0C /* Frameworks */,
				99F1C07E1EA0CEB800415F0C /* Resources */,
				97ED38BC82216DDAB8D0F2DD /* [CP] Embed Pods Frameworks */,
				FF836F4C0026353E8A1C399C /* [CP] Copy Pods Resources */,
			);
			buildRules = (
			);
			dependencies = (
			);
			name = TJMJinDouYun;
			productName = TJMJinDouYun;
			productReference = 99F1C0801EA0CEB800415F0C /* TJMJinDouYun.app */;
			productType = "com.apple.product-type.application";
		};
		99F1C0981EA0CEB800415F0C /* TJMJinDouYunTests */ = {
			isa = PBXNativeTarget;
			buildConfigurationList = 99F1C0B01EA0CEB800415F0C /* Build configuration list for PBXNativeTarget "TJMJinDouYunTests" */;
			buildPhases = (
				99F1C0951EA0CEB800415F0C /* Sources */,
				99F1C0961EA0CEB800415F0C /* Frameworks */,
				99F1C0971EA0CEB800415F0C /* Resources */,
			);
			buildRules = (
			);
			dependencies = (
				99F1C09B1EA0CEB800415F0C /* PBXTargetDependency */,
			);
			name = TJMJinDouYunTests;
			productName = TJMJinDouYunTests;
			productReference = 99F1C0991EA0CEB800415F0C /* TJMJinDouYunTests.xctest */;
			productType = "com.apple.product-type.bundle.unit-test";
		};
		99F1C0A31EA0CEB800415F0C /* TJMJinDouYunUITests */ = {
			isa = PBXNativeTarget;
			buildConfigurationList = 99F1C0B31EA0CEB800415F0C /* Build configuration list for PBXNativeTarget "TJMJinDouYunUITests" */;
			buildPhases = (
				99F1C0A01EA0CEB800415F0C /* Sources */,
				99F1C0A11EA0CEB800415F0C /* Frameworks */,
				99F1C0A21EA0CEB800415F0C /* Resources */,
			);
			buildRules = (
			);
			dependencies = (
				99F1C0A61EA0CEB800415F0C /* PBXTargetDependency */,
			);
			name = TJMJinDouYunUITests;
			productName = TJMJinDouYunUITests;
			productReference = 99F1C0A41EA0CEB800415F0C /* TJMJinDouYunUITests.xctest */;
			productType = "com.apple.product-type.bundle.ui-testing";
		};
/* End PBXNativeTarget section */

/* Begin PBXProject section */
		99F1C0781EA0CEB800415F0C /* Project object */ = {
			isa = PBXProject;
			attributes = {
				LastUpgradeCheck = 0820;
				ORGANIZATIONNAME = zhongzhichuangying;
				TargetAttributes = {
					99F1C07F1EA0CEB800415F0C = {
						CreatedOnToolsVersion = 8.2.1;
						ProvisioningStyle = Automatic;
					};
					99F1C0981EA0CEB800415F0C = {
						CreatedOnToolsVersion = 8.2.1;
						ProvisioningStyle = Automatic;
						TestTargetID = 99F1C07F1EA0CEB800415F0C;
					};
					99F1C0A31EA0CEB800415F0C = {
						CreatedOnToolsVersion = 8.2.1;
						ProvisioningStyle = Automatic;
						TestTargetID = 99F1C07F1EA0CEB800415F0C;
					};
				};
			};
			buildConfigurationList = 99F1C07B1EA0CEB800415F0C /* Build configuration list for PBXProject "TJMJinDouYun" */;
			compatibilityVersion = "Xcode 3.2";
			developmentRegion = English;
			hasScannedForEncodings = 0;
			knownRegions = (
				en,
				Base,
			);
			mainGroup = 99F1C0771EA0CEB800415F0C;
			productRefGroup = 99F1C0811EA0CEB800415F0C /* Products */;
			projectDirPath = "";
			projectRoot = "";
			targets = (
				99F1C07F1EA0CEB800415F0C /* TJMJinDouYun */,
				99F1C0981EA0CEB800415F0C /* TJMJinDouYunTests */,
				99F1C0A31EA0CEB800415F0C /* TJMJinDouYunUITests */,
			);
		};
/* End PBXProject section */

/* Begin PBXResourcesBuildPhase section */
		99F1C07E1EA0CEB800415F0C /* Resources */ = {
			isa = PBXResourcesBuildPhase;
			buildActionMask = 2147483647;
			files = (
				99F1C19E1EA45AAD00415F0C /* 44444.png in Resources */,
				99F1C16D1EA0DBB200415F0C /* updatelog.txt in Resources */,
				99F1C1681EA0DBB200415F0C /* baiduNaviSDK.xcassets in Resources */,
				99F1C1041EA0CF2900415F0C /* LaunchScreen.storyboard in Resources */,
				99F1C1671EA0DBB200415F0C /* baiduNaviSDK.bundle in Resources */,
				99F1C1981EA4591A00415F0C /* 11111.png in Resources */,
				99F1C19C1EA45A4A00415F0C /* 33333.png in Resources */,
				99F1C0FF1EA0CF0600415F0C /* Info.plist in Resources */,
				99F1C16A1EA0DBB200415F0C /* readme.txt in Resources */,
				99F1C0FD1EA0CEFA00415F0C /* Assets.xcassets in Resources */,
				99F1C19B1EA45A4A00415F0C /* 22222.png in Resources */,
				99F1C1051EA0CF2900415F0C /* Main.storyboard in Resources */,
			);
			runOnlyForDeploymentPostprocessing = 0;
		};
		99F1C0971EA0CEB800415F0C /* Resources */ = {
			isa = PBXResourcesBuildPhase;
			buildActionMask = 2147483647;
			files = (
			);
			runOnlyForDeploymentPostprocessing = 0;
		};
		99F1C0A21EA0CEB800415F0C /* Resources */ = {
			isa = PBXResourcesBuildPhase;
			buildActionMask = 2147483647;
			files = (
			);
			runOnlyForDeploymentPostprocessing = 0;
		};
/* End PBXResourcesBuildPhase section */

/* Begin PBXShellScriptBuildPhase section */
		738834C17CD3C56ED1F2331F /* [CP] Check Pods Manifest.lock */ = {
			isa = PBXShellScriptBuildPhase;
			buildActionMask = 2147483647;
			files = (
			);
			inputPaths = (
			);
			name = "[CP] Check Pods Manifest.lock";
			outputPaths = (
			);
			runOnlyForDeploymentPostprocessing = 0;
			shellPath = /bin/sh;
			shellScript = "diff \"${PODS_ROOT}/../Podfile.lock\" \"${PODS_ROOT}/Manifest.lock\" > /dev/null\nif [ $? != 0 ] ; then\n    # print error to STDERR\n    echo \"error: The sandbox is not in sync with the Podfile.lock. Run 'pod install' or update your CocoaPods installation.\" >&2\n    exit 1\nfi\n";
			showEnvVarsInLog = 0;
		};
		97ED38BC82216DDAB8D0F2DD /* [CP] Embed Pods Frameworks */ = {
			isa = PBXShellScriptBuildPhase;
			buildActionMask = 2147483647;
			files = (
			);
			inputPaths = (
			);
			name = "[CP] Embed Pods Frameworks";
			outputPaths = (
			);
			runOnlyForDeploymentPostprocessing = 0;
			shellPath = /bin/sh;
			shellScript = "\"${SRCROOT}/Pods/Target Support Files/Pods-TJMJinDouYun/Pods-TJMJinDouYun-frameworks.sh\"\n";
			showEnvVarsInLog = 0;
		};
		FF836F4C0026353E8A1C399C /* [CP] Copy Pods Resources */ = {
			isa = PBXShellScriptBuildPhase;
			buildActionMask = 2147483647;
			files = (
			);
			inputPaths = (
			);
			name = "[CP] Copy Pods Resources";
			outputPaths = (
			);
			runOnlyForDeploymentPostprocessing = 0;
			shellPath = /bin/sh;
			shellScript = "\"${SRCROOT}/Pods/Target Support Files/Pods-TJMJinDouYun/Pods-TJMJinDouYun-resources.sh\"\n";
			showEnvVarsInLog = 0;
		};
/* End PBXShellScriptBuildPhase section */

/* Begin PBXSourcesBuildPhase section */
		99F1C07C1EA0CEB800415F0C /* Sources */ = {
			isa = PBXSourcesBuildPhase;
			buildActionMask = 2147483647;
			files = (
				99F1C0FA1EA0CEFA00415F0C /* AppDelegate+APPService.m in Sources */,
				99F1C0CC1EA0CEE000415F0C /* TJMHUDHandle.m in Sources */,
				99F1C1A21EA4AAA800415F0C /* PhotoPickerViewController.m in Sources */,
				99F1C0FB1EA0CEFA00415F0C /* AppDelegate+SDKSevice.m in Sources */,
				99F1C1961EA44F8600415F0C /* TJMVehicleData.m in Sources */,
				99F1C0F71EA0CEFA00415F0C /* TJMUploadViewController.m in Sources */,
				99F1C0CD1EA0CEE000415F0C /* TJMRequestHandle.m in Sources */,
				99F1C1931EA44ED700415F0C /* TJMProvinceData.m in Sources */,
				99F1C0F41EA0CEFA00415F0C /* TJMBaiduMapViewController.m in Sources */,
				99F1C0CE1EA0CEE000415F0C /* NSString+MD5.m in Sources */,
				99F1C0851EA0CEB800415F0C /* main.m in Sources */,
				99F1C0CB1EA0CEE000415F0C /* TJMSandBoxManager.m in Sources */,
				99F1C0F61EA0CEFA00415F0C /* TJMTokenModel.m in Sources */,
				99F1C0F91EA0CEFA00415F0C /* TJMRegisterViewController.m in Sources */,
				99F1C0F51EA0CEFA00415F0C /* TJMLoginViewController.m in Sources */,
				99F1C0CF1EA0CEE000415F0C /* NSString+RegEx.m in Sources */,
				99F1C0FC1EA0CEFA00415F0C /* AppDelegate.m in Sources */,
			);
			runOnlyForDeploymentPostprocessing = 0;
		};
		99F1C0951EA0CEB800415F0C /* Sources */ = {
			isa = PBXSourcesBuildPhase;
			buildActionMask = 2147483647;
			files = (
				99F1C09E1EA0CEB800415F0C /* TJMJinDouYunTests.m in Sources */,
			);
			runOnlyForDeploymentPostprocessing = 0;
		};
		99F1C0A01EA0CEB800415F0C /* Sources */ = {
			isa = PBXSourcesBuildPhase;
			buildActionMask = 2147483647;
			files = (
				99F1C0A91EA0CEB800415F0C /* TJMJinDouYunUITests.m in Sources */,
			);
			runOnlyForDeploymentPostprocessing = 0;
		};
/* End PBXSourcesBuildPhase section */

/* Begin PBXTargetDependency section */
		99F1C09B1EA0CEB800415F0C /* PBXTargetDependency */ = {
			isa = PBXTargetDependency;
			target = 99F1C07F1EA0CEB800415F0C /* TJMJinDouYun */;
			targetProxy = 99F1C09A1EA0CEB800415F0C /* PBXContainerItemProxy */;
		};
		99F1C0A61EA0CEB800415F0C /* PBXTargetDependency */ = {
			isa = PBXTargetDependency;
			target = 99F1C07F1EA0CEB800415F0C /* TJMJinDouYun */;
			targetProxy = 99F1C0A51EA0CEB800415F0C /* PBXContainerItemProxy */;
		};
/* End PBXTargetDependency section */

/* Begin PBXVariantGroup section */
		99F1C1001EA0CF2900415F0C /* LaunchScreen.storyboard */ = {
			isa = PBXVariantGroup;
			children = (
				99F1C1011EA0CF2900415F0C /* Base */,
			);
			name = LaunchScreen.storyboard;
			sourceTree = "<group>";
		};
		99F1C1021EA0CF2900415F0C /* Main.storyboard */ = {
			isa = PBXVariantGroup;
			children = (
				99F1C1031EA0CF2900415F0C /* Base */,
			);
			name = Main.storyboard;
			sourceTree = "<group>";
		};
/* End PBXVariantGroup section */

/* Begin XCBuildConfiguration section */
		99F1C0AB1EA0CEB800415F0C /* Debug */ = {
			isa = XCBuildConfiguration;
			buildSettings = {
				ALWAYS_SEARCH_USER_PATHS = NO;
				CLANG_ANALYZER_NONNULL = YES;
				CLANG_CXX_LANGUAGE_STANDARD = "gnu++0x";
				CLANG_CXX_LIBRARY = "libc++";
				CLANG_ENABLE_MODULES = YES;
				CLANG_ENABLE_OBJC_ARC = YES;
				CLANG_WARN_BOOL_CONVERSION = YES;
				CLANG_WARN_CONSTANT_CONVERSION = YES;
				CLANG_WARN_DIRECT_OBJC_ISA_USAGE = YES_ERROR;
				CLANG_WARN_DOCUMENTATION_COMMENTS = YES;
				CLANG_WARN_EMPTY_BODY = YES;
				CLANG_WARN_ENUM_CONVERSION = YES;
				CLANG_WARN_INFINITE_RECURSION = YES;
				CLANG_WARN_INT_CONVERSION = YES;
				CLANG_WARN_OBJC_ROOT_CLASS = YES_ERROR;
				CLANG_WARN_SUSPICIOUS_MOVE = YES;
				CLANG_WARN_UNREACHABLE_CODE = YES;
				CLANG_WARN__DUPLICATE_METHOD_MATCH = YES;
				"CODE_SIGN_IDENTITY[sdk=iphoneos*]" = "iPhone Developer";
				COPY_PHASE_STRIP = NO;
				DEBUG_INFORMATION_FORMAT = dwarf;
				ENABLE_STRICT_OBJC_MSGSEND = YES;
				ENABLE_TESTABILITY = YES;
				GCC_C_LANGUAGE_STANDARD = gnu99;
				GCC_DYNAMIC_NO_PIC = NO;
				GCC_NO_COMMON_BLOCKS = YES;
				GCC_OPTIMIZATION_LEVEL = 0;
				GCC_PREPROCESSOR_DEFINITIONS = (
					"DEBUG=1",
					"$(inherited)",
				);
				GCC_WARN_64_TO_32_BIT_CONVERSION = YES;
				GCC_WARN_ABOUT_RETURN_TYPE = YES_ERROR;
				GCC_WARN_UNDECLARED_SELECTOR = YES;
				GCC_WARN_UNINITIALIZED_AUTOS = YES_AGGRESSIVE;
				GCC_WARN_UNUSED_FUNCTION = YES;
				GCC_WARN_UNUSED_VARIABLE = YES;
				IPHONEOS_DEPLOYMENT_TARGET = 10.2;
				MTL_ENABLE_DEBUG_INFO = YES;
				ONLY_ACTIVE_ARCH = YES;
				SDKROOT = iphoneos;
				TARGETED_DEVICE_FAMILY = "1,2";
			};
			name = Debug;
		};
		99F1C0AC1EA0CEB800415F0C /* Release */ = {
			isa = XCBuildConfiguration;
			buildSettings = {
				ALWAYS_SEARCH_USER_PATHS = NO;
				CLANG_ANALYZER_NONNULL = YES;
				CLANG_CXX_LANGUAGE_STANDARD = "gnu++0x";
				CLANG_CXX_LIBRARY = "libc++";
				CLANG_ENABLE_MODULES = YES;
				CLANG_ENABLE_OBJC_ARC = YES;
				CLANG_WARN_BOOL_CONVERSION = YES;
				CLANG_WARN_CONSTANT_CONVERSION = YES;
				CLANG_WARN_DIRECT_OBJC_ISA_USAGE = YES_ERROR;
				CLANG_WARN_DOCUMENTATION_COMMENTS = YES;
				CLANG_WARN_EMPTY_BODY = YES;
				CLANG_WARN_ENUM_CONVERSION = YES;
				CLANG_WARN_INFINITE_RECURSION = YES;
				CLANG_WARN_INT_CONVERSION = YES;
				CLANG_WARN_OBJC_ROOT_CLASS = YES_ERROR;
				CLANG_WARN_SUSPICIOUS_MOVE = YES;
				CLANG_WARN_UNREACHABLE_CODE = YES;
				CLANG_WARN__DUPLICATE_METHOD_MATCH = YES;
				"CODE_SIGN_IDENTITY[sdk=iphoneos*]" = "iPhone Developer";
				COPY_PHASE_STRIP = NO;
				DEBUG_INFORMATION_FORMAT = "dwarf-with-dsym";
				ENABLE_NS_ASSERTIONS = NO;
				ENABLE_STRICT_OBJC_MSGSEND = YES;
				GCC_C_LANGUAGE_STANDARD = gnu99;
				GCC_NO_COMMON_BLOCKS = YES;
				GCC_WARN_64_TO_32_BIT_CONVERSION = YES;
				GCC_WARN_ABOUT_RETURN_TYPE = YES_ERROR;
				GCC_WARN_UNDECLARED_SELECTOR = YES;
				GCC_WARN_UNINITIALIZED_AUTOS = YES_AGGRESSIVE;
				GCC_WARN_UNUSED_FUNCTION = YES;
				GCC_WARN_UNUSED_VARIABLE = YES;
				IPHONEOS_DEPLOYMENT_TARGET = 10.2;
				MTL_ENABLE_DEBUG_INFO = NO;
				SDKROOT = iphoneos;
				TARGETED_DEVICE_FAMILY = "1,2";
				VALIDATE_PRODUCT = YES;
			};
			name = Release;
		};
		99F1C0AE1EA0CEB800415F0C /* Debug */ = {
			isa = XCBuildConfiguration;
			baseConfigurationReference = DF32F0CFE86D49786C5A2869 /* Pods-TJMJinDouYun.debug.xcconfig */;
			buildSettings = {
				ASSETCATALOG_COMPILER_APPICON_NAME = AppIcon;
				GCC_PRECOMPILE_PREFIX_HEADER = YES;
				GCC_PREFIX_HEADER = "$(SRCROOT)/TJMJinDouYun/Tool/Config/TJMPrefixHeader.pch";
				INFOPLIST_FILE = TJMJinDouYun/Info.plist;
				LD_RUNPATH_SEARCH_PATHS = "$(inherited) @executable_path/Frameworks";
				LIBRARY_SEARCH_PATHS = (
					"$(inherited)",
					"$(PROJECT_DIR)/TJMJinDouYun/Tool/BaiduNaviSDK",
					"$(PROJECT_DIR)/TJMJinDouYun/Tool/BaiduNaviSDK/thirdlibs",
					"$(PROJECT_DIR)/TJMJinDouYun/Tool/第三方库/BaiduNaviSDK",
					"$(PROJECT_DIR)/TJMJinDouYun/Tool/第三方库/BaiduNaviSDK/thirdlibs",
				);
				PRODUCT_BUNDLE_IDENTIFIER = com.zhongzhichuangying.TJMJinDouYun;
				PRODUCT_NAME = "$(TARGET_NAME)";
			};
			name = Debug;
		};
		99F1C0AF1EA0CEB800415F0C /* Release */ = {
			isa = XCBuildConfiguration;
			baseConfigurationReference = 704ED3F31667CEAB6D7BC8CB /* Pods-TJMJinDouYun.release.xcconfig */;
			buildSettings = {
				ASSETCATALOG_COMPILER_APPICON_NAME = AppIcon;
				GCC_PRECOMPILE_PREFIX_HEADER = YES;
				GCC_PREFIX_HEADER = "$(SRCROOT)/TJMJinDouYun/Tool/Config/TJMPrefixHeader.pch";
				INFOPLIST_FILE = TJMJinDouYun/Info.plist;
				LD_RUNPATH_SEARCH_PATHS = "$(inherited) @executable_path/Frameworks";
				LIBRARY_SEARCH_PATHS = (
					"$(inherited)",
					"$(PROJECT_DIR)/TJMJinDouYun/Tool/BaiduNaviSDK",
					"$(PROJECT_DIR)/TJMJinDouYun/Tool/BaiduNaviSDK/thirdlibs",
					"$(PROJECT_DIR)/TJMJinDouYun/Tool/第三方库/BaiduNaviSDK",
					"$(PROJECT_DIR)/TJMJinDouYun/Tool/第三方库/BaiduNaviSDK/thirdlibs",
				);
				PRODUCT_BUNDLE_IDENTIFIER = com.zhongzhichuangying.TJMJinDouYun;
				PRODUCT_NAME = "$(TARGET_NAME)";
			};
			name = Release;
		};
		99F1C0B11EA0CEB800415F0C /* Debug */ = {
			isa = XCBuildConfiguration;
			buildSettings = {
				BUNDLE_LOADER = "$(TEST_HOST)";
				INFOPLIST_FILE = TJMJinDouYunTests/Info.plist;
				LD_RUNPATH_SEARCH_PATHS = "$(inherited) @executable_path/Frameworks @loader_path/Frameworks";
				PRODUCT_BUNDLE_IDENTIFIER = com.zhongzhichuangying.TJMJinDouYunTests;
				PRODUCT_NAME = "$(TARGET_NAME)";
				TEST_HOST = "$(BUILT_PRODUCTS_DIR)/TJMJinDouYun.app/TJMJinDouYun";
			};
			name = Debug;
		};
		99F1C0B21EA0CEB800415F0C /* Release */ = {
			isa = XCBuildConfiguration;
			buildSettings = {
				BUNDLE_LOADER = "$(TEST_HOST)";
				INFOPLIST_FILE = TJMJinDouYunTests/Info.plist;
				LD_RUNPATH_SEARCH_PATHS = "$(inherited) @executable_path/Frameworks @loader_path/Frameworks";
				PRODUCT_BUNDLE_IDENTIFIER = com.zhongzhichuangying.TJMJinDouYunTests;
				PRODUCT_NAME = "$(TARGET_NAME)";
				TEST_HOST = "$(BUILT_PRODUCTS_DIR)/TJMJinDouYun.app/TJMJinDouYun";
			};
			name = Release;
		};
		99F1C0B41EA0CEB800415F0C /* Debug */ = {
			isa = XCBuildConfiguration;
			buildSettings = {
				INFOPLIST_FILE = TJMJinDouYunUITests/Info.plist;
				LD_RUNPATH_SEARCH_PATHS = "$(inherited) @executable_path/Frameworks @loader_path/Frameworks";
				PRODUCT_BUNDLE_IDENTIFIER = com.zhongzhichuangying.TJMJinDouYunUITests;
				PRODUCT_NAME = "$(TARGET_NAME)";
				TEST_TARGET_NAME = TJMJinDouYun;
			};
			name = Debug;
		};
		99F1C0B51EA0CEB800415F0C /* Release */ = {
			isa = XCBuildConfiguration;
			buildSettings = {
				INFOPLIST_FILE = TJMJinDouYunUITests/Info.plist;
				LD_RUNPATH_SEARCH_PATHS = "$(inherited) @executable_path/Frameworks @loader_path/Frameworks";
				PRODUCT_BUNDLE_IDENTIFIER = com.zhongzhichuangying.TJMJinDouYunUITests;
				PRODUCT_NAME = "$(TARGET_NAME)";
				TEST_TARGET_NAME = TJMJinDouYun;
			};
			name = Release;
		};
/* End XCBuildConfiguration section */

/* Begin XCConfigurationList section */
		99F1C07B1EA0CEB800415F0C /* Build configuration list for PBXProject "TJMJinDouYun" */ = {
			isa = XCConfigurationList;
			buildConfigurations = (
				99F1C0AB1EA0CEB800415F0C /* Debug */,
				99F1C0AC1EA0CEB800415F0C /* Release */,
			);
			defaultConfigurationIsVisible = 0;
			defaultConfigurationName = Release;
		};
		99F1C0AD1EA0CEB800415F0C /* Build configuration list for PBXNativeTarget "TJMJinDouYun" */ = {
			isa = XCConfigurationList;
			buildConfigurations = (
				99F1C0AE1EA0CEB800415F0C /* Debug */,
				99F1C0AF1EA0CEB800415F0C /* Release */,
			);
			defaultConfigurationIsVisible = 0;
			defaultConfigurationName = Release;
		};
		99F1C0B01EA0CEB800415F0C /* Build configuration list for PBXNativeTarget "TJMJinDouYunTests" */ = {
			isa = XCConfigurationList;
			buildConfigurations = (
				99F1C0B11EA0CEB800415F0C /* Debug */,
				99F1C0B21EA0CEB800415F0C /* Release */,
			);
			defaultConfigurationIsVisible = 0;
			defaultConfigurationName = Release;
		};
		99F1C0B31EA0CEB800415F0C /* Build configuration list for PBXNativeTarget "TJMJinDouYunUITests" */ = {
			isa = XCConfigurationList;
			buildConfigurations = (
				99F1C0B41EA0CEB800415F0C /* Debug */,
				99F1C0B51EA0CEB800415F0C /* Release */,
			);
			defaultConfigurationIsVisible = 0;
			defaultConfigurationName = Release;
		};
/* End XCConfigurationList section */
	};
	rootObject = 99F1C0781EA0CEB800415F0C /* Project object */;
}
